// !$*UTF8*$!
{
	archiveVersion = 1;
	classes = {
	};
	objectVersion = 50;
	objects = {

/* Begin PBXBuildFile section */
		931E9854266E795A000E4F39 /* AppDelegate.swift in Sources */ = {isa = PBXBuildFile; fileRef = 931E9853266E795A000E4F39 /* AppDelegate.swift */; };
		931E9856266E795A000E4F39 /* SceneDelegate.swift in Sources */ = {isa = PBXBuildFile; fileRef = 931E9855266E795A000E4F39 /* SceneDelegate.swift */; };
		931E9858266E795A000E4F39 /* ViewController.swift in Sources */ = {isa = PBXBuildFile; fileRef = 931E9857266E795A000E4F39 /* ViewController.swift */; };
		931E985B266E795A000E4F39 /* Main.storyboard in Resources */ = {isa = PBXBuildFile; fileRef = 931E9859266E795A000E4F39 /* Main.storyboard */; };
		931E985D266E795B000E4F39 /* Assets.xcassets in Resources */ = {isa = PBXBuildFile; fileRef = 931E985C266E795B000E4F39 /* Assets.xcassets */; };
		931E9860266E795B000E4F39 /* LaunchScreen.storyboard in Resources */ = {isa = PBXBuildFile; fileRef = 931E985E266E795B000E4F39 /* LaunchScreen.storyboard */; };
		931E9868266E7CD3000E4F39 /* PersonCell.swift in Sources */ = {isa = PBXBuildFile; fileRef = 931E9867266E7CD3000E4F39 /* PersonCell.swift */; };
		931E986A2671307D000E4F39 /* Person.swift in Sources */ = {isa = PBXBuildFile; fileRef = 931E98692671307D000E4F39 /* Person.swift */; };
/* End PBXBuildFile section */

/* Begin PBXFileReference section */
		931E9850266E795A000E4F39 /* NameToFaces.app */ = {isa = PBXFileReference; explicitFileType = wrapper.application; includeInIndex = 0; path = NameToFaces.app; sourceTree = BUILT_PRODUCTS_DIR; };
		931E9853266E795A000E4F39 /* AppDelegate.swift */ = {isa = PBXFileReference; lastKnownFileType = sourcecode.swift; path = AppDelegate.swift; sourceTree = "<group>"; };
		931E9855266E795A000E4F39 /* SceneDelegate.swift */ = {isa = PBXFileReference; lastKnownFileType = sourcecode.swift; path = SceneDelegate.swift; sourceTree = "<group>"; };
		931E9857266E795A000E4F39 /* ViewController.swift */ = {isa = PBXFileReference; lastKnownFileType = sourcecode.swift; path = ViewController.swift; sourceTree = "<group>"; };
		931E985A266E795A000E4F39 /* Base */ = {isa = PBXFileReference; lastKnownFileType = file.storyboard; name = Base; path = Base.lproj/Main.storyboard; sourceTree = "<group>"; };
		931E985C266E795B000E4F39 /* Assets.xcassets */ = {isa = PBXFileReference; lastKnownFileType = folder.assetcatalog; path = Assets.xcassets; sourceTree = "<group>"; };
		931E985F266E795B000E4F39 /* Base */ = {isa = PBXFileReference; lastKnownFileType = file.storyboard; name = Base; path = Base.lproj/LaunchScreen.storyboard; sourceTree = "<group>"; };
		931E9861266E795B000E4F39 /* Info.plist */ = {isa = PBXFileReference; lastKnownFileType = text.plist.xml; path = Info.plist; sourceTree = "<group>"; };
		931E9867266E7CD3000E4F39 /* PersonCell.swift */ = {isa = PBXFileReference; lastKnownFileType = sourcecode.swift; path = PersonCell.swift; sourceTree = "<group>"; };
		931E98692671307D000E4F39 /* Person.swift */ = {isa = PBXFileReference; lastKnownFileType = sourcecode.swift; path = Person.swift; sourceTree = "<group>"; };
/* End PBXFileReference section */

/* Begin PBXFrameworksBuildPhase section */
		931E984D266E795A000E4F39 /* Frameworks */ = {
			isa = PBXFrameworksBuildPhase;
			buildActionMask = 2147483647;
			files = (
			);
			runOnlyForDeploymentPostprocessing = 0;
		};
/* End PBXFrameworksBuildPhase section */

/* Begin PBXGroup section */
		931E9847266E795A000E4F39 = {
			isa = PBXGroup;
			children = (
				931E9852266E795A000E4F39 /* NameToFaces */,
				931E9851266E795A000E4F39 /* Products */,
			);
			sourceTree = "<group>";
		};
		931E9851266E795A000E4F39 /* Products */ = {
			isa = PBXGroup;
			children = (
				931E9850266E795A000E4F39 /* NameToFaces.app */,
			);
			name = Products;
			sourceTree = "<group>";
		};
		931E9852266E795A000E4F39 /* NameToFaces */ = {
			isa = PBXGroup;
			children = (
				931E9853266E795A000E4F39 /* AppDelegate.swift */,
				931E9855266E795A000E4F39 /* SceneDelegate.swift */,
				931E9857266E795A000E4F39 /* ViewController.swift */,
				931E98692671307D000E4F39 /* Person.swift */,
				931E9859266E795A000E4F39 /* Main.storyboard */,
				931E985C266E795B000E4F39 /* Assets.xcassets */,
				931E985E266E795B000E4F39 /* LaunchScreen.storyboard */,
				931E9861266E795B000E4F39 /* Info.plist */,
				931E9867266E7CD3000E4F39 /* PersonCell.swift */,
			);
			path = NameToFaces;
			sourceTree = "<group>";
		};
/* End PBXGroup section */

/* Begin PBXNativeTarget section */
		931E984F266E795A000E4F39 /* NameToFaces */ = {
			isa = PBXNativeTarget;
			buildConfigurationList = 931E9864266E795B000E4F39 /* Build configuration list for PBXNativeTarget "NameToFaces" */;
			buildPhases = (
				931E984C266E795A000E4F39 /* Sources */,
				931E984D266E795A000E4F39 /* Frameworks */,
				931E984E266E795A000E4F39 /* Resources */,
			);
			buildRules = (
			);
			dependencies = (
			);
			name = NameToFaces;
			productName = NameToFaces;
			productReference = 931E9850266E795A000E4F39 /* NameToFaces.app */;
			productType = "com.apple.product-type.application";
		};
/* End PBXNativeTarget section */

/* Begin PBXProject section */
		931E9848266E795A000E4F39 /* Project object */ = {
			isa = PBXProject;
			attributes = {
				LastSwiftUpdateCheck = 1250;
				LastUpgradeCheck = 1250;
				TargetAttributes = {
					931E984F266E795A000E4F39 = {
						CreatedOnToolsVersion = 12.5;
					};
				};
			};
			buildConfigurationList = 931E984B266E795A000E4F39 /* Build configuration list for PBXProject "NameToFaces" */;
			compatibilityVersion = "Xcode 9.3";
			developmentRegion = en;
			hasScannedForEncodings = 0;
			knownRegions = (
				en,
				Base,
			);
			mainGroup = 931E9847266E795A000E4F39;
			productRefGroup = 931E9851266E795A000E4F39 /* Products */;
			projectDirPath = "";
			projectRoot = "";
			targets = (
				931E984F266E795A000E4F39 /* NameToFaces */,
			);
		};
/* End PBXProject section */

/* Begin PBXResourcesBuildPhase section */
		931E984E266E795A000E4F39 /* Resources */ = {
			isa = PBXResourcesBuildPhase;
			buildActionMask = 2147483647;
			files = (
				931E9860266E795B000E4F39 /* LaunchScreen.storyboard in Resources */,
				931E985D266E795B000E4F39 /* Assets.xcassets in Resources */,
				931E985B266E795A000E4F39 /* Main.storyboard in Resources */,
			);
			runOnlyForDeploymentPostprocessing = 0;
		};
/* End PBXResourcesBuildPhase section */

/* Begin PBXSourcesBuildPhase section */
		931E984C266E795A000E4F39 /* Sources */ = {
			isa = PBXSourcesBuildPhase;
			buildActionMask = 2147483647;
			files = (
				931E986A2671307D000E4F39 /* Person.swift in Sources */,
				931E9858266E795A000E4F39 /* ViewController.swift in Sources */,
				931E9854266E795A000E4F39 /* AppDelegate.swift in Sources */,
				931E9868266E7CD3000E4F39 /* PersonCell.swift in Sources */,
				931E9856266E795A000E4F39 /* SceneDelegate.swift in Sources */,
			);
			runOnlyForDeploymentPostprocessing = 0;
		};
/* End PBXSourcesBuildPhase section */

/* Begin PBXVariantGroup section */
		931E9859266E795A000E4F39 /* Main.storyboard */ = {
			isa = PBXVariantGroup;
			children = (
				931E985A266E795A000E4F39 /* Base */,
			);
			name = Main.storyboard;
			sourceTree = "<group>";
		};
		931E985E266E795B000E4F39 /* LaunchScreen.storyboard */ = {
			isa = PBXVariantGroup;
			children = (
				931E985F266E795B000E4F39 /* Base */,
			);
			name = LaunchScreen.storyboard;
			sourceTree = "<group>";
		};
/* End PBXVariantGroup section */

/* Begin XCBuildConfiguration section */
		931E9862266E795B000E4F39 /* Debug */ = {
			isa = XCBuildConfiguration;
			buildSettings = {
				ALWAYS_SEARCH_USER_PATHS = NO;
				CLANG_ANALYZER_NONNULL = YES;
				CLANG_ANALYZER_NUMBER_OBJECT_CONVERSION = YES_AGGRESSIVE;
				CLANG_CXX_LANGUAGE_STANDARD = "gnu++14";
				CLANG_CXX_LIBRARY = "libc++";
				CLANG_ENABLE_MODULES = YES;
				CLANG_ENABLE_OBJC_ARC = YES;
				CLANG_ENABLE_OBJC_WEAK = YES;
				CLANG_WARN_BLOCK_CAPTURE_AUTORELEASING = YES;
				CLANG_WARN_BOOL_CONVERSION = YES;
				CLANG_WARN_COMMA = YES;
				CLANG_WARN_CONSTANT_CONVERSION = YES;
				CLANG_WARN_DEPRECATED_OBJC_IMPLEMENTATIONS = YES;
				CLANG_WARN_DIRECT_OBJC_ISA_USAGE = YES_ERROR;
				CLANG_WARN_DOCUMENTATION_COMMENTS = YES;
				CLANG_WARN_EMPTY_BODY = YES;
				CLANG_WARN_ENUM_CONVERSION = YES;
				CLANG_WARN_INFINITE_RECURSION = YES;
				CLANG_WARN_INT_CONVERSION = YES;
				CLANG_WARN_NON_LITERAL_NULL_CONVERSION = YES;
				CLANG_WARN_OBJC_IMPLICIT_RETAIN_SELF = YES;
				CLANG_WARN_OBJC_LITERAL_CONVERSION = YES;
				CLANG_WARN_OBJC_ROOT_CLASS = YES_ERROR;
				CLANG_WARN_QUOTED_INCLUDE_IN_FRAMEWORK_HEADER = YES;
				CLANG_WARN_RANGE_LOOP_ANALYSIS = YES;
				CLANG_WARN_STRICT_PROTOTYPES = YES;
				CLANG_WARN_SUSPICIOUS_MOVE = YES;
				CLANG_WARN_UNGUARDED_AVAILABILITY = YES_AGGRESSIVE;
				CLANG_WARN_UNREACHABLE_CODE = YES;
				CLANG_WARN__DUPLICATE_METHOD_MATCH = YES;
				COPY_PHASE_STRIP = NO;
				DEBUG_INFORMATION_FORMAT = dwarf;
				ENABLE_STRICT_OBJC_MSGSEND = YES;
				ENABLE_TESTABILITY = YES;
				GCC_C_LANGUAGE_STANDARD = gnu11;
				GCC_DYNAMIC_NO_PIC = NO;
				GCC_NO_COMMON_BLOCKS = YES;
				GCC_OPTIMIZATION_LEVEL = 0;
				GCC_PREPROCESSOR_DEFINITIONS = (
					"DEBUG=1",
					"$(inherited)",
				);
				GCC_WARN_64_TO_32_BIT_CONVERSION = YES;
				GCC_WARN_ABOUT_RETURN_TYPE = YES_ERROR;
				GCC_WARN_UNDECLARED_SELECTOR = YES;
				GCC_WARN_UNINITIALIZED_AUTOS = YES_AGGRESSIVE;
				GCC_WARN_UNUSED_FUNCTION = YES;
				GCC_WARN_UNUSED_VARIABLE = YES;
				IPHONEOS_DEPLOYMENT_TARGET = 14.5;
				MTL_ENABLE_DEBUG_INFO = INCLUDE_SOURCE;
				MTL_FAST_MATH = YES;
				ONLY_ACTIVE_ARCH = YES;
				SDKROOT = iphoneos;
				SWIFT_ACTIVE_COMPILATION_CONDITIONS = DEBUG;
				SWIFT_OPTIMIZATION_LEVEL = "-Onone";
			};
			name = Debug;
		};
		931E9863266E795B000E4F39 /* Release */ = {
			isa = XCBuildConfiguration;
			buildSettings = {
				ALWAYS_SEARCH_USER_PATHS = NO;
				CLANG_ANALYZER_NONNULL = YES;
				CLANG_ANALYZER_NUMBER_OBJECT_CONVERSION = YES_AGGRESSIVE;
				CLANG_CXX_LANGUAGE_STANDARD = "gnu++14";
				CLANG_CXX_LIBRARY = "libc++";
				CLANG_ENABLE_MODULES = YES;
				CLANG_ENABLE_OBJC_ARC = YES;
				CLANG_ENABLE_OBJC_WEAK = YES;
				CLANG_WARN_BLOCK_CAPTURE_AUTORELEASING = YES;
				CLANG_WARN_BOOL_CONVERSION = YES;
				CLANG_WARN_COMMA = YES;
				CLANG_WARN_CONSTANT_CONVERSION = YES;
				CLANG_WARN_DEPRECATED_OBJC_IMPLEMENTATIONS = YES;
				CLANG_WARN_DIRECT_OBJC_ISA_USAGE = YES_ERROR;
				CLANG_WARN_DOCUMENTATION_COMMENTS = YES;
				CLANG_WARN_EMPTY_BODY = YES;
				CLANG_WARN_ENUM_CONVERSION = YES;
				CLANG_WARN_INFINITE_RECURSION = YES;
				CLANG_WARN_INT_CONVERSION = YES;
				CLANG_WARN_NON_LITERAL_NULL_CONVERSION = YES;
				CLANG_WARN_OBJC_IMPLICIT_RETAIN_SELF = YES;
				CLANG_WARN_OBJC_LITERAL_CONVERSION = YES;
				CLANG_WARN_OBJC_ROOT_CLASS = YES_ERROR;
				CLANG_WARN_QUOTED_INCLUDE_IN_FRAMEWORK_HEADER = YES;
				CLANG_WARN_RANGE_LOOP_ANALYSIS = YES;
				CLANG_WARN_STRICT_PROTOTYPES = YES;
				CLANG_WARN_SUSPICIOUS_MOVE = YES;
				CLANG_WARN_UNGUARDED_AVAILABILITY = YES_AGGRESSIVE;
				CLANG_WARN_UNREACHABLE_CODE = YES;
				CLANG_WARN__DUPLICATE_METHOD_MATCH = YES;
				COPY_PHASE_STRIP = NO;
				DEBUG_INFORMATION_FORMAT = "dwarf-with-dsym";
				ENABLE_NS_ASSERTIONS = NO;
				ENABLE_STRICT_OBJC_MSGSEND = YES;
				GCC_C_LANGUAGE_STANDARD = gnu11;
				GCC_NO_COMMON_BLOCKS = YES;
				GCC_WARN_64_TO_32_BIT_CONVERSION = YES;
				GCC_WARN_ABOUT_RETURN_TYPE = YES_ERROR;
				GCC_WARN_UNDECLARED_SELECTOR = YES;
				GCC_WARN_UNINITIALIZED_AUTOS = YES_AGGRESSIVE;
				GCC_WARN_UNUSED_FUNCTION = YES;
				GCC_WARN_UNUSED_VARIABLE = YES;
				IPHONEOS_DEPLOYMENT_TARGET = 14.5;
				MTL_ENABLE_DEBUG_INFO = NO;
				MTL_FAST_MATH = YES;
				SDKROOT = iphoneos;
				SWIFT_COMPILATION_MODE = wholemodule;
				SWIFT_OPTIMIZATION_LEVEL = "-O";
				VALIDATE_PRODUCT = YES;
			};
			name = Release;
		};
		931E9865266E795B000E4F39 /* Debug */ = {
			isa = XCBuildConfiguration;
			buildSettings = {
				ASSETCATALOG_COMPILER_APPICON_NAME = AppIcon;
				ASSETCATALOG_COMPILER_GLOBAL_ACCENT_COLOR_NAME = AccentColor;
				CODE_SIGN_STYLE = Automatic;
				DEVELOPMENT_TEAM = DDRFB5R3W8;
				INFOPLIST_FILE = NameToFaces/Info.plist;
				LD_RUNPATH_SEARCH_PATHS = (
					"$(inherited)",
					"@executable_path/Frameworks",
				);
				PRODUCT_BUNDLE_IDENTIFIER = com.hackingwithswift.NameToFaces;
				PRODUCT_NAME = "$(TARGET_NAME)";
				SWIFT_VERSION = 5.0;
				TARGETED_DEVICE_FAMILY = "1,2";
			};
			name = Debug;
		};
		931E9866266E795B000E4F39 /* Release */ = {
			isa = XCBuildConfiguration;
			buildSettings = {
				ASSETCATALOG_COMPILER_APPICON_NAME = AppIcon;
				ASSETCATALOG_COMPILER_GLOBAL_ACCENT_COLOR_NAME = AccentColor;
				CODE_SIGN_STYLE = Automatic;
				DEVELOPMENT_TEAM = DDRFB5R3W8;
				INFOPLIST_FILE = NameToFaces/Info.plist;
				LD_RUNPATH_SEARCH_PATHS = (
					"$(inherited)",
					"@executable_path/Frameworks",
				);
				PRODUCT_BUNDLE_IDENTIFIER = com.hackingwithswift.NameToFaces;
				PRODUCT_NAME = "$(TARGET_NAME)";
				SWIFT_VERSION = 5.0;
				TARGETED_DEVICE_FAMILY = "1,2";
			};
			name = Release;
		};
/* End XCBuildConfiguration section */

/* Begin XCConfigurationList section */
		931E984B266E795A000E4F39 /* Build configuration list for PBXProject "NameToFaces" */ = {
			isa = XCConfigurationList;
			buildConfigurations = (
				931E9862266E795B000E4F39 /* Debug */,
				931E9863266E795B000E4F39 /* Release */,
			);
			defaultConfigurationIsVisible = 0;
			defaultConfigurationName = Release;
		};
		931E9864266E795B000E4F39 /* Build configuration list for PBXNativeTarget "NameToFaces" */ = {
			isa = XCConfigurationList;
			buildConfigurations = (
				931E9865266E795B000E4F39 /* Debug */,
				931E9866266E795B000E4F39 /* Release */,
			);
			defaultConfigurationIsVisible = 0;
			defaultConfigurationName = Release;
		};
/* End XCConfigurationList section */
	};
	rootObject = 931E9848266E795A000E4F39 /* Project object */;
}
